{
  "version": 4,
  "terraform_version": "1.1.8",
  "serial": 22,
  "lineage": "d746484f-33af-e4ef-6ad8-6d0ca40bbc8a",
  "outputs": {},
  "resources": [
    {
      "mode": "managed",
      "type": "aws_instance",
      "name": "erlang-instance",
      "provider": "provider[\"registry.terraform.io/hashicorp/aws\"]",
      "instances": [
        {
          "schema_version": 1,
          "attributes": {
            "ami": "ami-08031206a0ff5a6ac",
            "arn": "arn:aws:ec2:eu-west-1:891377099355:instance/i-0cf3fd89ef5a711a0",
            "associate_public_ip_address": true,
            "availability_zone": "eu-west-1c",
            "capacity_reservation_specification": [
              {
                "capacity_reservation_preference": "open",
                "capacity_reservation_target": []
              }
            ],
            "cpu_core_count": 1,
            "cpu_options": [
              {
                "amd_sev_snp": "",
                "core_count": 1,
                "threads_per_core": 1
              }
            ],
            "cpu_threads_per_core": 1,
            "credit_specification": [
              {
                "cpu_credits": "standard"
              }
            ],
            "disable_api_stop": false,
            "disable_api_termination": false,
            "ebs_block_device": [],
            "ebs_optimized": false,
            "enclave_options": [
              {
                "enabled": false
              }
            ],
            "ephemeral_block_device": [],
            "get_password_data": false,
            "hibernation": false,
            "host_id": "",
            "host_resource_group_arn": null,
            "iam_instance_profile": "",
            "id": "i-0cf3fd89ef5a711a0",
            "instance_initiated_shutdown_behavior": "stop",
            "instance_lifecycle": "",
            "instance_market_options": [],
            "instance_state": "running",
            "instance_type": "t2.micro",
            "ipv6_address_count": 0,
            "ipv6_addresses": [],
            "key_name": "ssh_key",
            "launch_template": [],
            "maintenance_options": [
              {
                "auto_recovery": "default"
              }
            ],
            "metadata_options": [
              {
                "http_endpoint": "enabled",
                "http_protocol_ipv6": "disabled",
                "http_put_response_hop_limit": 1,
                "http_tokens": "optional",
                "instance_metadata_tags": "disabled"
              }
            ],
            "monitoring": false,
            "network_interface": [],
            "outpost_arn": "",
            "password_data": "",
            "placement_group": "",
            "placement_partition_number": 0,
            "primary_network_interface_id": "eni-0ad6742ee52babb35",
            "private_dns": "ip-172-31-10-31.eu-west-1.compute.internal",
            "private_dns_name_options": [
              {
                "enable_resource_name_dns_a_record": false,
                "enable_resource_name_dns_aaaa_record": false,
                "hostname_type": "ip-name"
              }
            ],
            "private_ip": "172.31.10.31",
            "public_dns": "ec2-3-249-23-13.eu-west-1.compute.amazonaws.com",
            "public_ip": "3.249.23.13",
            "root_block_device": [
              {
                "delete_on_termination": true,
                "device_name": "/dev/sda1",
                "encrypted": false,
                "iops": 100,
                "kms_key_id": "",
                "tags": {},
                "throughput": 0,
                "volume_id": "vol-0e16bf1fa6240a186",
                "volume_size": 8,
                "volume_type": "gp2"
              }
            ],
            "secondary_private_ips": [],
            "security_groups": [
              "default"
            ],
            "source_dest_check": true,
            "spot_instance_request_id": "",
            "subnet_id": "subnet-000007219aeb6f08d",
            "tags": {
              "Name": "erlang chat server demo"
            },
            "tags_all": {
              "Name": "erlang chat server demo"
            },
            "tenancy": "default",
            "timeouts": null,
            "user_data": "8e23de5f4de878e110e66cb38a39c0b8803af390",
            "user_data_base64": null,
            "user_data_replace_on_change": false,
            "volume_tags": null,
            "vpc_security_group_ids": [
              "sg-03244eee383e2a8c1"
            ]
          },
          "sensitive_attributes": [],
          "private": "eyJlMmJmYjczMC1lY2FhLTExZTYtOGY4OC0zNDM2M2JjN2M0YzAiOnsiY3JlYXRlIjo2MDAwMDAwMDAwMDAsImRlbGV0ZSI6MTIwMDAwMDAwMDAwMCwidXBkYXRlIjo2MDAwMDAwMDAwMDB9LCJzY2hlbWFfdmVyc2lvbiI6IjEifQ==",
          "dependencies": [
            "aws_key_pair.ssh_key"
          ]
        }
      ]
    },
    {
      "mode": "managed",
      "type": "aws_key_pair",
      "name": "ssh_key",
      "provider": "provider[\"registry.terraform.io/hashicorp/aws\"]",
      "instances": [
        {
          "schema_version": 1,
          "attributes": {
            "arn": "arn:aws:ec2:eu-west-1:891377099355:key-pair/ssh_key",
            "fingerprint": "0c:66:64:5f:2c:12:68:80:7b:b2:03:23:e9:8b:96:a3",
            "id": "ssh_key",
            "key_name": "ssh_key",
            "key_name_prefix": "",
            "key_pair_id": "key-03fc656e358855341",
            "key_type": "rsa",
            "public_key": "ssh-rsa AAAAB3NzaC1yc2EAAAADAQABAAABgQC4/GK61Gu/C5SBjwyknjfoKqHnUliu++ee2HLamzXWNSoMPIp8nzn4E3jqXEALyeExuMdy3dYYWSHYy0CVnwXV/YOysD6j+7a+OoKAgfsjS1upeG56IiOJYzkarVriadEyLNDmUWAFV6Jba+Xnb+yv6HWgXGKaOX0iP2VSoUuQCuIRUQ6Cxb48a6XH1p4PJ38rwqPlFQVIB5TUcPjL/laiE4PWy7IUa0bS+cFgSGnIk/G55W+4D8SfP2s/6tBJwfxzj0w5C8s5XFlz78exO+2a65sPUGgNvGli3hz79jLj08f7qZhL1cLOMHTKAFy+FTFkCi2UulyEGabD4goDylke9sH4Sudcqc+uvk7ZTmb+53iADDvgJkbg8B3MKIq1zZiaKWxUQ6mf+hHXhTcN2c1J4XEq/9YMNTFX9tbfMriCwC4TJxzX2P98f783vHMAGHiYMqq/Xsm4O34HqXfdKUQHNZzyrd1jlFz8bYyjjqzhsVhQQKBnnGBWJkMMmnObwrE= andre@Andres-Home",
            "tags": {},
            "tags_all": {}
          },
          "sensitive_attributes": [],
          "private": "eyJzY2hlbWFfdmVyc2lvbiI6IjEifQ=="
        }
      ]
    }
  ]
}
